
Microsoft Visual Studio Solution File, Format Version 12.00
# Visual Studio 2012
Project("{FAE04EC0-301F-11D3-BF4B-00C04F79EFBC}") = "IsFibo", "Workspace\IsFibo.csproj", "{3E79B5CE-FF00-46A6-ADA1-03C7699B1D4C}"
EndProject
Project("{FAE04EC0-301F-11D3-BF4B-00C04F79EFBC}") = "AlternatingCharacters", "AlternatingCharacters\AlternatingCharacters.csproj", "{EC5FE2CA-C91B-4F77-B6B9-84FD1E4D90B2}"
EndProject
Project("{FAE04EC0-301F-11D3-BF4B-00C04F79EFBC}") = "FlippingBits", "FlippingBits\FlippingBits.csproj", "{5B0CDDD0-58AF-42CE-A1C8-75862B0E24ED}"
EndProject
Project("{FAE04EC0-301F-11D3-BF4B-00C04F79EFBC}") = "UtopianTree", "UtopianTree\UtopianTree.csproj", "{8A409149-179F-4CAA-920E-67FA434B6A4C}"
EndProject
Project("{FAE04EC0-301F-11D3-BF4B-00C04F79EFBC}") = "CorrectnessAndTheLoopInvariant", "CorrectnessAndTheLoopInvariant\CorrectnessAndTheLoopInvariant.csproj", "{12F0519F-D93B-4238-A136-F2EF73482324}"
EndProject
Project("{FAE04EC0-301F-11D3-BF4B-00C04F79EFBC}") = "LonelyInteger", "LonelyInteger\LonelyInteger.csproj", "{23DDB696-183E-4178-9FE6-6908082ABC0A}"
EndProject
Project("{FAE04EC0-301F-11D3-BF4B-00C04F79EFBC}") = "FindDigits", "FindDigits\FindDigits.csproj", "{DFB56A57-B376-403F-A468-860E61BE5F06}"
EndProject
Project("{FAE04EC0-301F-11D3-BF4B-00C04F79EFBC}") = "MaximizingXor", "MaximizingXor\MaximizingXor.csproj", "{7C4D811E-527B-4C2B-BA55-3CD4B7F7B0CD}"
EndProject
Project("{FAE04EC0-301F-11D3-BF4B-00C04F79EFBC}") = "SortingTutorial", "SortingTutorial\SortingTutorial.csproj", "{DAA7EAFE-DE61-4907-998A-152D37036E59}"
EndProject
Project("{FAE04EC0-301F-11D3-BF4B-00C04F79EFBC}") = "FiboModified", "FiboModified\FiboModified.csproj", "{7400715C-CC73-4658-80D2-6BA715588A78}"
EndProject
Project("{FAE04EC0-301F-11D3-BF4B-00C04F79EFBC}") = "EvenTree", "EvenTree\EvenTree.csproj", "{2D672578-FB29-4BBE-B8D4-F1EF61188C98}"
EndProject
Project("{FAE04EC0-301F-11D3-BF4B-00C04F79EFBC}") = "Handshake", "Handshake\Handshake.csproj", "{78100912-4AE0-4D73-8A0F-C037A5A66969}"
EndProject
Project("{FAE04EC0-301F-11D3-BF4B-00C04F79EFBC}") = "FiboModifiedNonRecursive", "FiboModifiedRecursive\FiboModifiedNonRecursive.csproj", "{06F4887E-DA76-4EB1-9CF1-89F99EAD5CE2}"
EndProject
Project("{FAE04EC0-301F-11D3-BF4B-00C04F79EFBC}") = "ConnectingTowns", "ConnectingTowns\ConnectingTowns.csproj", "{8A6236E6-A47E-45E9-B7DD-99EB55A02EB2}"
EndProject
Project("{FAE04EC0-301F-11D3-BF4B-00C04F79EFBC}") = "StockMaximize", "StockMaximize\StockMaximize.csproj", "{2317068F-35A1-435C-8983-84C79112C89D}"
EndProject
Project("{FAE04EC0-301F-11D3-BF4B-00C04F79EFBC}") = "AngryChildren2", "AngryChildren2\AngryChildren2.csproj", "{751E4C17-A2DC-4A19-888D-260C973ADDAA}"
EndProject
Project("{FAE04EC0-301F-11D3-BF4B-00C04F79EFBC}") = "Euler063", "Euler063\Euler063.csproj", "{D23671A8-E69C-4055-8A99-483E5F9BC466}"
EndProject
Project("{FAE04EC0-301F-11D3-BF4B-00C04F79EFBC}") = "Euler001", "Euler001\Euler001.csproj", "{5074AD6D-4989-4A93-9FF5-05866875D445}"
EndProject
Project("{FAE04EC0-301F-11D3-BF4B-00C04F79EFBC}") = "Euler002", "Euler002\Euler002.csproj", "{C5D5DD7B-CEFD-4F59-8DF1-E636457EB9C2}"
EndProject
Project("{FAE04EC0-301F-11D3-BF4B-00C04F79EFBC}") = "Euler003", "Euler003\Euler003.csproj", "{F7BF7EE4-1204-4E8C-83A2-B5CD38D86665}"
EndProject
Global
	GlobalSection(SolutionConfigurationPlatforms) = preSolution
		Debug|Any CPU = Debug|Any CPU
		Release|Any CPU = Release|Any CPU
	EndGlobalSection
	GlobalSection(ProjectConfigurationPlatforms) = postSolution
		{3E79B5CE-FF00-46A6-ADA1-03C7699B1D4C}.Debug|Any CPU.ActiveCfg = Debug|Any CPU
		{3E79B5CE-FF00-46A6-ADA1-03C7699B1D4C}.Debug|Any CPU.Build.0 = Debug|Any CPU
		{3E79B5CE-FF00-46A6-ADA1-03C7699B1D4C}.Release|Any CPU.ActiveCfg = Release|Any CPU
		{3E79B5CE-FF00-46A6-ADA1-03C7699B1D4C}.Release|Any CPU.Build.0 = Release|Any CPU
		{EC5FE2CA-C91B-4F77-B6B9-84FD1E4D90B2}.Debug|Any CPU.ActiveCfg = Debug|Any CPU
		{EC5FE2CA-C91B-4F77-B6B9-84FD1E4D90B2}.Debug|Any CPU.Build.0 = Debug|Any CPU
		{EC5FE2CA-C91B-4F77-B6B9-84FD1E4D90B2}.Release|Any CPU.ActiveCfg = Release|Any CPU
		{EC5FE2CA-C91B-4F77-B6B9-84FD1E4D90B2}.Release|Any CPU.Build.0 = Release|Any CPU
		{5B0CDDD0-58AF-42CE-A1C8-75862B0E24ED}.Debug|Any CPU.ActiveCfg = Debug|Any CPU
		{5B0CDDD0-58AF-42CE-A1C8-75862B0E24ED}.Debug|Any CPU.Build.0 = Debug|Any CPU
		{5B0CDDD0-58AF-42CE-A1C8-75862B0E24ED}.Release|Any CPU.ActiveCfg = Release|Any CPU
		{5B0CDDD0-58AF-42CE-A1C8-75862B0E24ED}.Release|Any CPU.Build.0 = Release|Any CPU
		{8A409149-179F-4CAA-920E-67FA434B6A4C}.Debug|Any CPU.ActiveCfg = Debug|Any CPU
		{8A409149-179F-4CAA-920E-67FA434B6A4C}.Debug|Any CPU.Build.0 = Debug|Any CPU
		{8A409149-179F-4CAA-920E-67FA434B6A4C}.Release|Any CPU.ActiveCfg = Release|Any CPU
		{8A409149-179F-4CAA-920E-67FA434B6A4C}.Release|Any CPU.Build.0 = Release|Any CPU
		{12F0519F-D93B-4238-A136-F2EF73482324}.Debug|Any CPU.ActiveCfg = Debug|Any CPU
		{12F0519F-D93B-4238-A136-F2EF73482324}.Debug|Any CPU.Build.0 = Debug|Any CPU
		{12F0519F-D93B-4238-A136-F2EF73482324}.Release|Any CPU.ActiveCfg = Release|Any CPU
		{12F0519F-D93B-4238-A136-F2EF73482324}.Release|Any CPU.Build.0 = Release|Any CPU
		{23DDB696-183E-4178-9FE6-6908082ABC0A}.Debug|Any CPU.ActiveCfg = Debug|Any CPU
		{23DDB696-183E-4178-9FE6-6908082ABC0A}.Debug|Any CPU.Build.0 = Debug|Any CPU
		{23DDB696-183E-4178-9FE6-6908082ABC0A}.Release|Any CPU.ActiveCfg = Release|Any CPU
		{23DDB696-183E-4178-9FE6-6908082ABC0A}.Release|Any CPU.Build.0 = Release|Any CPU
		{DFB56A57-B376-403F-A468-860E61BE5F06}.Debug|Any CPU.ActiveCfg = Debug|Any CPU
		{DFB56A57-B376-403F-A468-860E61BE5F06}.Debug|Any CPU.Build.0 = Debug|Any CPU
		{DFB56A57-B376-403F-A468-860E61BE5F06}.Release|Any CPU.ActiveCfg = Release|Any CPU
		{DFB56A57-B376-403F-A468-860E61BE5F06}.Release|Any CPU.Build.0 = Release|Any CPU
		{7C4D811E-527B-4C2B-BA55-3CD4B7F7B0CD}.Debug|Any CPU.ActiveCfg = Debug|Any CPU
		{7C4D811E-527B-4C2B-BA55-3CD4B7F7B0CD}.Debug|Any CPU.Build.0 = Debug|Any CPU
		{7C4D811E-527B-4C2B-BA55-3CD4B7F7B0CD}.Release|Any CPU.ActiveCfg = Release|Any CPU
		{7C4D811E-527B-4C2B-BA55-3CD4B7F7B0CD}.Release|Any CPU.Build.0 = Release|Any CPU
		{DAA7EAFE-DE61-4907-998A-152D37036E59}.Debug|Any CPU.ActiveCfg = Debug|Any CPU
		{DAA7EAFE-DE61-4907-998A-152D37036E59}.Debug|Any CPU.Build.0 = Debug|Any CPU
		{DAA7EAFE-DE61-4907-998A-152D37036E59}.Release|Any CPU.ActiveCfg = Release|Any CPU
		{DAA7EAFE-DE61-4907-998A-152D37036E59}.Release|Any CPU.Build.0 = Release|Any CPU
		{7400715C-CC73-4658-80D2-6BA715588A78}.Debug|Any CPU.ActiveCfg = Debug|Any CPU
		{7400715C-CC73-4658-80D2-6BA715588A78}.Debug|Any CPU.Build.0 = Debug|Any CPU
		{7400715C-CC73-4658-80D2-6BA715588A78}.Release|Any CPU.ActiveCfg = Release|Any CPU
		{7400715C-CC73-4658-80D2-6BA715588A78}.Release|Any CPU.Build.0 = Release|Any CPU
		{2D672578-FB29-4BBE-B8D4-F1EF61188C98}.Debug|Any CPU.ActiveCfg = Debug|Any CPU
		{2D672578-FB29-4BBE-B8D4-F1EF61188C98}.Debug|Any CPU.Build.0 = Debug|Any CPU
		{2D672578-FB29-4BBE-B8D4-F1EF61188C98}.Release|Any CPU.ActiveCfg = Release|Any CPU
		{2D672578-FB29-4BBE-B8D4-F1EF61188C98}.Release|Any CPU.Build.0 = Release|Any CPU
		{78100912-4AE0-4D73-8A0F-C037A5A66969}.Debug|Any CPU.ActiveCfg = Debug|Any CPU
		{78100912-4AE0-4D73-8A0F-C037A5A66969}.Debug|Any CPU.Build.0 = Debug|Any CPU
		{78100912-4AE0-4D73-8A0F-C037A5A66969}.Release|Any CPU.ActiveCfg = Release|Any CPU
		{78100912-4AE0-4D73-8A0F-C037A5A66969}.Release|Any CPU.Build.0 = Release|Any CPU
		{06F4887E-DA76-4EB1-9CF1-89F99EAD5CE2}.Debug|Any CPU.ActiveCfg = Debug|Any CPU
		{06F4887E-DA76-4EB1-9CF1-89F99EAD5CE2}.Debug|Any CPU.Build.0 = Debug|Any CPU
		{06F4887E-DA76-4EB1-9CF1-89F99EAD5CE2}.Release|Any CPU.ActiveCfg = Release|Any CPU
		{06F4887E-DA76-4EB1-9CF1-89F99EAD5CE2}.Release|Any CPU.Build.0 = Release|Any CPU
		{8A6236E6-A47E-45E9-B7DD-99EB55A02EB2}.Debug|Any CPU.ActiveCfg = Debug|Any CPU
		{8A6236E6-A47E-45E9-B7DD-99EB55A02EB2}.Debug|Any CPU.Build.0 = Debug|Any CPU
		{8A6236E6-A47E-45E9-B7DD-99EB55A02EB2}.Release|Any CPU.ActiveCfg = Release|Any CPU
		{8A6236E6-A47E-45E9-B7DD-99EB55A02EB2}.Release|Any CPU.Build.0 = Release|Any CPU
		{2317068F-35A1-435C-8983-84C79112C89D}.Debug|Any CPU.ActiveCfg = Debug|Any CPU
		{2317068F-35A1-435C-8983-84C79112C89D}.Debug|Any CPU.Build.0 = Debug|Any CPU
		{2317068F-35A1-435C-8983-84C79112C89D}.Release|Any CPU.ActiveCfg = Release|Any CPU
		{2317068F-35A1-435C-8983-84C79112C89D}.Release|Any CPU.Build.0 = Release|Any CPU
		{751E4C17-A2DC-4A19-888D-260C973ADDAA}.Debug|Any CPU.ActiveCfg = Debug|Any CPU
		{751E4C17-A2DC-4A19-888D-260C973ADDAA}.Debug|Any CPU.Build.0 = Debug|Any CPU
		{751E4C17-A2DC-4A19-888D-260C973ADDAA}.Release|Any CPU.ActiveCfg = Release|Any CPU
		{751E4C17-A2DC-4A19-888D-260C973ADDAA}.Release|Any CPU.Build.0 = Release|Any CPU
		{D23671A8-E69C-4055-8A99-483E5F9BC466}.Debug|Any CPU.ActiveCfg = Debug|Any CPU
		{D23671A8-E69C-4055-8A99-483E5F9BC466}.Debug|Any CPU.Build.0 = Debug|Any CPU
		{D23671A8-E69C-4055-8A99-483E5F9BC466}.Release|Any CPU.ActiveCfg = Release|Any CPU
		{D23671A8-E69C-4055-8A99-483E5F9BC466}.Release|Any CPU.Build.0 = Release|Any CPU
		{5074AD6D-4989-4A93-9FF5-05866875D445}.Debug|Any CPU.ActiveCfg = Debug|Any CPU
		{5074AD6D-4989-4A93-9FF5-05866875D445}.Debug|Any CPU.Build.0 = Debug|Any CPU
		{5074AD6D-4989-4A93-9FF5-05866875D445}.Release|Any CPU.ActiveCfg = Release|Any CPU
		{5074AD6D-4989-4A93-9FF5-05866875D445}.Release|Any CPU.Build.0 = Release|Any CPU
		{C5D5DD7B-CEFD-4F59-8DF1-E636457EB9C2}.Debug|Any CPU.ActiveCfg = Debug|Any CPU
		{C5D5DD7B-CEFD-4F59-8DF1-E636457EB9C2}.Debug|Any CPU.Build.0 = Debug|Any CPU
		{C5D5DD7B-CEFD-4F59-8DF1-E636457EB9C2}.Release|Any CPU.ActiveCfg = Release|Any CPU
		{C5D5DD7B-CEFD-4F59-8DF1-E636457EB9C2}.Release|Any CPU.Build.0 = Release|Any CPU
		{F7BF7EE4-1204-4E8C-83A2-B5CD38D86665}.Debug|Any CPU.ActiveCfg = Debug|Any CPU
		{F7BF7EE4-1204-4E8C-83A2-B5CD38D86665}.Debug|Any CPU.Build.0 = Debug|Any CPU
		{F7BF7EE4-1204-4E8C-83A2-B5CD38D86665}.Release|Any CPU.ActiveCfg = Release|Any CPU
		{F7BF7EE4-1204-4E8C-83A2-B5CD38D86665}.Release|Any CPU.Build.0 = Release|Any CPU
	EndGlobalSection
	GlobalSection(SolutionProperties) = preSolution
		HideSolutionNode = FALSE
	EndGlobalSection
EndGlobal
